
Microsoft Visual Studio Solution File, Format Version 12.00
# Visual Studio Version 17
VisualStudioVersion = 17.11.35312.102
MinimumVisualStudioVersion = 10.0.40219.1
Project("{FAE04EC0-301F-11D3-BF4B-00C04F79EFBC}") = "PR-22.102_belaeva_2", "PR-22.102_belaeva_2\PR-22.102_belaeva_2.csproj", "{53357403-94F4-4D66-B1E3-12A548F67BA4}"
EndProject
Global
	GlobalSection(SolutionConfigurationPlatforms) = preSolution
		Debug|Any CPU = Debug|Any CPU
		Release|Any CPU = Release|Any CPU
	EndGlobalSection
	GlobalSection(ProjectConfigurationPlatforms) = postSolution
		{53357403-94F4-4D66-B1E3-12A548F67BA4}.Debug|Any CPU.ActiveCfg = Debug|Any CPU
		{53357403-94F4-4D66-B1E3-12A548F67BA4}.Debug|Any CPU.Build.0 = Debug|Any CPU
		{53357403-94F4-4D66-B1E3-12A548F67BA4}.Release|Any CPU.ActiveCfg = Release|Any CPU
		{53357403-94F4-4D66-B1E3-12A548F67BA4}.Release|Any CPU.Build.0 = Release|Any CPU
	EndGlobalSection
	GlobalSection(SolutionProperties) = preSolution
		HideSolutionNode = FALSE
	EndGlobalSection
	GlobalSection(ExtensibilityGlobals) = postSolution
		SolutionGuid = {25916279-A81E-4EA2-B50A-95C191EF3D0F}
	EndGlobalSection
EndGlobal
